
Microsoft Visual Studio Solution File, Format Version 12.00
# Visual Studio Version 17
VisualStudioVersion = 17.6.33801.468
MinimumVisualStudioVersion = 10.0.40219.1
Project("{9A19103F-16F7-4668-BE54-9A1E7A4F7556}") = "ModbusRTU", "ModbusRTU\ModbusRTU.csproj", "{D0D3ACD6-3698-44E7-8F16-F8BE36E8EA51}"
EndProject
Project("{FAE04EC0-301F-11D3-BF4B-00C04F79EFBC}") = "MdbusRTU.Framework4.7.2", "MdbusRTU.Framework4.7.2\MdbusRTU.Framework4.7.2.csproj", "{D9094AE0-66C6-48F6-906A-B86B6B47DC78}"
EndProject
Global
	GlobalSection(SolutionConfigurationPlatforms) = preSolution
		Debug|Any CPU = Debug|Any CPU
		Release|Any CPU = Release|Any CPU
	EndGlobalSection
	GlobalSection(ProjectConfigurationPlatforms) = postSolution
		{D0D3ACD6-3698-44E7-8F16-F8BE36E8EA51}.Debug|Any CPU.ActiveCfg = Debug|Any CPU
		{D0D3ACD6-3698-44E7-8F16-F8BE36E8EA51}.Debug|Any CPU.Build.0 = Debug|Any CPU
		{D0D3ACD6-3698-44E7-8F16-F8BE36E8EA51}.Release|Any CPU.ActiveCfg = Release|Any CPU
		{D0D3ACD6-3698-44E7-8F16-F8BE36E8EA51}.Release|Any CPU.Build.0 = Release|Any CPU
		{D9094AE0-66C6-48F6-906A-B86B6B47DC78}.Debug|Any CPU.ActiveCfg = Debug|Any CPU
		{D9094AE0-66C6-48F6-906A-B86B6B47DC78}.Debug|Any CPU.Build.0 = Debug|Any CPU
		{D9094AE0-66C6-48F6-906A-B86B6B47DC78}.Release|Any CPU.ActiveCfg = Release|Any CPU
		{D9094AE0-66C6-48F6-906A-B86B6B47DC78}.Release|Any CPU.Build.0 = Release|Any CPU
	EndGlobalSection
	GlobalSection(SolutionProperties) = preSolution
		HideSolutionNode = FALSE
	EndGlobalSection
	GlobalSection(ExtensibilityGlobals) = postSolution
		SolutionGuid = {8C90B7F2-4420-4E62-B49A-61BBAD4A9228}
	EndGlobalSection
EndGlobal
